
Microsoft Visual Studio Solution File, Format Version 12.00
# Visual Studio 15
VisualStudioVersion = 15.0.27703.2042
MinimumVisualStudioVersion = 10.0.40219.1
Project("{FAE04EC0-301F-11D3-BF4B-00C04F79EFBC}") = "CricketGame.specs", "CricketGame.specs\CricketGame.specs.csproj", "{4E159F18-3FDA-4E3B-A614-03CD2EC73972}"
EndProject
Project("{FAE04EC0-301F-11D3-BF4B-00C04F79EFBC}") = "CricketGame", "CricketGame\CricketGame.csproj", "{56D14E1F-976B-426E-B090-EA208C1212E7}"
EndProject
Project("{FAE04EC0-301F-11D3-BF4B-00C04F79EFBC}") = "CricketGame.test", "CricketGame.test\CricketGame.test.csproj", "{7797E482-62F4-44E6-9B5D-93CD3FC6201B}"
EndProject
Global
	GlobalSection(SolutionConfigurationPlatforms) = preSolution
		Debug|Any CPU = Debug|Any CPU
		Release|Any CPU = Release|Any CPU
	EndGlobalSection
	GlobalSection(ProjectConfigurationPlatforms) = postSolution
		{4E159F18-3FDA-4E3B-A614-03CD2EC73972}.Debug|Any CPU.ActiveCfg = Debug|Any CPU
		{4E159F18-3FDA-4E3B-A614-03CD2EC73972}.Debug|Any CPU.Build.0 = Debug|Any CPU
		{4E159F18-3FDA-4E3B-A614-03CD2EC73972}.Release|Any CPU.ActiveCfg = Release|Any CPU
		{4E159F18-3FDA-4E3B-A614-03CD2EC73972}.Release|Any CPU.Build.0 = Release|Any CPU
		{56D14E1F-976B-426E-B090-EA208C1212E7}.Debug|Any CPU.ActiveCfg = Debug|Any CPU
		{56D14E1F-976B-426E-B090-EA208C1212E7}.Debug|Any CPU.Build.0 = Debug|Any CPU
		{56D14E1F-976B-426E-B090-EA208C1212E7}.Release|Any CPU.ActiveCfg = Release|Any CPU
		{56D14E1F-976B-426E-B090-EA208C1212E7}.Release|Any CPU.Build.0 = Release|Any CPU
		{7797E482-62F4-44E6-9B5D-93CD3FC6201B}.Debug|Any CPU.ActiveCfg = Debug|Any CPU
		{7797E482-62F4-44E6-9B5D-93CD3FC6201B}.Debug|Any CPU.Build.0 = Debug|Any CPU
		{7797E482-62F4-44E6-9B5D-93CD3FC6201B}.Release|Any CPU.ActiveCfg = Release|Any CPU
		{7797E482-62F4-44E6-9B5D-93CD3FC6201B}.Release|Any CPU.Build.0 = Release|Any CPU
	EndGlobalSection
	GlobalSection(SolutionProperties) = preSolution
		HideSolutionNode = FALSE
	EndGlobalSection
	GlobalSection(ExtensibilityGlobals) = postSolution
		SolutionGuid = {64578D71-54A6-415B-A263-A26E2D2C0503}
	EndGlobalSection
EndGlobal
